
Microsoft Visual Studio Solution File, Format Version 12.00
Project("{FAE04EC0-301F-11D3-BF4B-00C04F79EFBC}") = "TaskConsoleApp", "src\TaskConsoleApp.csproj", "{88D92B78-4B3A-4113-AC9E-976ED43534AF}"
EndProject
Project("{2150E333-8FDC-42A3-9474-1A3956D46DE8}") = "Solution Items", "Solution Items", "{2B2B9D7C-D88B-484D-A5A9-28EEA5D01386}"
	ProjectSection(SolutionItems) = preProject
		assets\test_data_onemonth_shuf.csv = assets\test_data_onemonth_shuf.csv
		assets\Тестовое задание.docx = assets\Тестовое задание.docx
	EndProjectSection
EndProject
Project("{FAE04EC0-301F-11D3-BF4B-00C04F79EFBC}") = "UnitTests", "UnitTests\UnitTests.csproj", "{A920A728-5284-4B83-8EED-8216416980E4}"
EndProject
Global
	GlobalSection(SolutionConfigurationPlatforms) = preSolution
		Debug|Any CPU = Debug|Any CPU
		Release|Any CPU = Release|Any CPU
	EndGlobalSection
	GlobalSection(ProjectConfigurationPlatforms) = postSolution
		{88D92B78-4B3A-4113-AC9E-976ED43534AF}.Debug|Any CPU.ActiveCfg = Debug|Any CPU
		{88D92B78-4B3A-4113-AC9E-976ED43534AF}.Debug|Any CPU.Build.0 = Debug|Any CPU
		{88D92B78-4B3A-4113-AC9E-976ED43534AF}.Release|Any CPU.ActiveCfg = Release|Any CPU
		{88D92B78-4B3A-4113-AC9E-976ED43534AF}.Release|Any CPU.Build.0 = Release|Any CPU
		{A920A728-5284-4B83-8EED-8216416980E4}.Debug|Any CPU.ActiveCfg = Debug|Any CPU
		{A920A728-5284-4B83-8EED-8216416980E4}.Debug|Any CPU.Build.0 = Debug|Any CPU
		{A920A728-5284-4B83-8EED-8216416980E4}.Release|Any CPU.ActiveCfg = Release|Any CPU
		{A920A728-5284-4B83-8EED-8216416980E4}.Release|Any CPU.Build.0 = Release|Any CPU
	EndGlobalSection
EndGlobal
